// !$*UTF8*$!
{
	archiveVersion = 1;
	classes = {
	};
	objectVersion = 46;
	objects = {

/* Begin PBXBuildFile section */
		C40033D91E5C59B200864F1C /* FilterTableViewController.swift in Sources */ = {isa = PBXBuildFile; fileRef = C40033D81E5C59B200864F1C /* FilterTableViewController.swift */; };
		C4304A201E5AE97600202AC6 /* ServerFacade.swift in Sources */ = {isa = PBXBuildFile; fileRef = C4304A1F1E5AE97600202AC6 /* ServerFacade.swift */; };
		C4304A221E5AF7A600202AC6 /* Token.swift in Sources */ = {isa = PBXBuildFile; fileRef = C4304A211E5AF7A600202AC6 /* Token.swift */; };
		C43458D01E96391E006B16EE /* IBeaconTransmitter.swift in Sources */ = {isa = PBXBuildFile; fileRef = C43458CF1E96391E006B16EE /* IBeaconTransmitter.swift */; };
		C43458D21E963A6F006B16EE /* EntryViewController.swift in Sources */ = {isa = PBXBuildFile; fileRef = C43458D11E963A6F006B16EE /* EntryViewController.swift */; };
		C443207B1E97901500B59C43 /* QRConnectionViewController.swift in Sources */ = {isa = PBXBuildFile; fileRef = C443207A1E97901500B59C43 /* QRConnectionViewController.swift */; };
		C4461E3D1D9D83F800EE90BF /* Camera.swift in Sources */ = {isa = PBXBuildFile; fileRef = C4461E3B1D9D83F800EE90BF /* Camera.swift */; };
		C4461E3E1D9D83F800EE90BF /* OrientationSensor.swift in Sources */ = {isa = PBXBuildFile; fileRef = C4461E3C1D9D83F800EE90BF /* OrientationSensor.swift */; };
		C447C7621DA3FF500094B5CD /* PointOfInterest.swift in Sources */ = {isa = PBXBuildFile; fileRef = C447C7611DA3FF500094B5CD /* PointOfInterest.swift */; };
		C44DB1E11DC65860000CAEED /* Vector3D.swift in Sources */ = {isa = PBXBuildFile; fileRef = C44DB1E01DC65860000CAEED /* Vector3D.swift */; };
		C44DB1E21DC65860000CAEED /* Vector3D.swift in Sources */ = {isa = PBXBuildFile; fileRef = C44DB1E01DC65860000CAEED /* Vector3D.swift */; };
		C44DB1E41DC65A98000CAEED /* Vector3DTests.swift in Sources */ = {isa = PBXBuildFile; fileRef = C44DB1E31DC65A98000CAEED /* Vector3DTests.swift */; };
		C4555C811D9AEDA600129C50 /* OverlayViewController.swift in Sources */ = {isa = PBXBuildFile; fileRef = C4555C801D9AEDA600129C50 /* OverlayViewController.swift */; };
		C4583E2A1D9686D3001B1659 /* AppDelegate.swift in Sources */ = {isa = PBXBuildFile; fileRef = C4583E291D9686D3001B1659 /* AppDelegate.swift */; };
		C4583E2C1D9686D3001B1659 /* ARViewController.swift in Sources */ = {isa = PBXBuildFile; fileRef = C4583E2B1D9686D3001B1659 /* ARViewController.swift */; };
		C4583E2F1D9686D3001B1659 /* Main.storyboard in Resources */ = {isa = PBXBuildFile; fileRef = C4583E2D1D9686D3001B1659 /* Main.storyboard */; };
		C4583E311D9686D3001B1659 /* Assets.xcassets in Resources */ = {isa = PBXBuildFile; fileRef = C4583E301D9686D3001B1659 /* Assets.xcassets */; };
		C4583E341D9686D3001B1659 /* LaunchScreen.storyboard in Resources */ = {isa = PBXBuildFile; fileRef = C4583E321D9686D3001B1659 /* LaunchScreen.storyboard */; };
		C4583E4C1D969073001B1659 /* CameraViewController.swift in Sources */ = {isa = PBXBuildFile; fileRef = C4583E4B1D969073001B1659 /* CameraViewController.swift */; };
		C45F114C1E7AA356007D43E9 /* Center.swift in Sources */ = {isa = PBXBuildFile; fileRef = C45F114B1E7AA356007D43E9 /* Center.swift */; };
		C468AEF11E793D2E005AA4EE /* Matrix.swift in Sources */ = {isa = PBXBuildFile; fileRef = C468AEF01E793D2E005AA4EE /* Matrix.swift */; };
		C468AEF31E794376005AA4EE /* MatrixTests.swift in Sources */ = {isa = PBXBuildFile; fileRef = C468AEF21E794376005AA4EE /* MatrixTests.swift */; };
		C468AEF41E794730005AA4EE /* Matrix.swift in Sources */ = {isa = PBXBuildFile; fileRef = C468AEF01E793D2E005AA4EE /* Matrix.swift */; };
		C468AEF81E7960CC005AA4EE /* Vector2D.swift in Sources */ = {isa = PBXBuildFile; fileRef = C468AEF71E7960CC005AA4EE /* Vector2D.swift */; };
		C468AEF91E7960CC005AA4EE /* Vector2D.swift in Sources */ = {isa = PBXBuildFile; fileRef = C468AEF71E7960CC005AA4EE /* Vector2D.swift */; };
		C468AEFB1E7964B6005AA4EE /* DoubleExtension.swift in Sources */ = {isa = PBXBuildFile; fileRef = C468AEFA1E7964B6005AA4EE /* DoubleExtension.swift */; };
		C468AEFD1E796746005AA4EE /* Vector2DTests.swift in Sources */ = {isa = PBXBuildFile; fileRef = C468AEFC1E796746005AA4EE /* Vector2DTests.swift */; };
		C468AEFF1E796987005AA4EE /* Vector.swift in Sources */ = {isa = PBXBuildFile; fileRef = C468AEFE1E796987005AA4EE /* Vector.swift */; };
		C468AF001E796A27005AA4EE /* Vector.swift in Sources */ = {isa = PBXBuildFile; fileRef = C468AEFE1E796987005AA4EE /* Vector.swift */; };
		C468AF011E796A2A005AA4EE /* DoubleExtension.swift in Sources */ = {isa = PBXBuildFile; fileRef = C468AEFA1E7964B6005AA4EE /* DoubleExtension.swift */; };
		C47343A11DC667CC00475078 /* Fabric.framework in Frameworks */ = {isa = PBXBuildFile; fileRef = C473439F1DC667CC00475078 /* Fabric.framework */; };
		C47343A21DC667CC00475078 /* Crashlytics.framework in Frameworks */ = {isa = PBXBuildFile; fileRef = C47343A01DC667CC00475078 /* Crashlytics.framework */; };
		C4809CAB1E97B038006520FE /* NewConnectionViewController.swift in Sources */ = {isa = PBXBuildFile; fileRef = C4809CAA1E97B038006520FE /* NewConnectionViewController.swift */; };
		C49B18EA1DC75DD200FDDC2E /* FilterViewController.swift in Sources */ = {isa = PBXBuildFile; fileRef = C49B18E91DC75DD200FDDC2E /* FilterViewController.swift */; };
		C49B18ED1DC76B6900FDDC2E /* FilterTableViewCell.swift in Sources */ = {isa = PBXBuildFile; fileRef = C49B18EB1DC76B6900FDDC2E /* FilterTableViewCell.swift */; };
		C49B18F01DC7910C00FDDC2E /* FilterCellData.swift in Sources */ = {isa = PBXBuildFile; fileRef = C49B18EF1DC7910C00FDDC2E /* FilterCellData.swift */; };
		C49BE60B1DCA8C0A00A18522 /* ConnectionDialogController.swift in Sources */ = {isa = PBXBuildFile; fileRef = C49BE60A1DCA8C0A00A18522 /* ConnectionDialogController.swift */; };
		C49BE60D1DCA943300A18522 /* ManualConnectionViewController.swift in Sources */ = {isa = PBXBuildFile; fileRef = C49BE60C1DCA943300A18522 /* ManualConnectionViewController.swift */; };
/* End PBXBuildFile section */

/* Begin PBXContainerItemProxy section */
		C4583E3B1D9686D3001B1659 /* PBXContainerItemProxy */ = {
			isa = PBXContainerItemProxy;
			containerPortal = C4583E1E1D9686D3001B1659 /* Project object */;
			proxyType = 1;
			remoteGlobalIDString = C4583E251D9686D3001B1659;
			remoteInfo = SkyWalker;
		};
/* End PBXContainerItemProxy section */

/* Begin PBXFileReference section */
		C40033D81E5C59B200864F1C /* FilterTableViewController.swift */ = {isa = PBXFileReference; fileEncoding = 4; lastKnownFileType = sourcecode.swift; path = FilterTableViewController.swift; sourceTree = "<group>"; };
		C4304A1F1E5AE97600202AC6 /* ServerFacade.swift */ = {isa = PBXFileReference; fileEncoding = 4; lastKnownFileType = sourcecode.swift; path = ServerFacade.swift; sourceTree = "<group>"; };
		C4304A211E5AF7A600202AC6 /* Token.swift */ = {isa = PBXFileReference; fileEncoding = 4; lastKnownFileType = sourcecode.swift; path = Token.swift; sourceTree = "<group>"; };
		C43458CF1E96391E006B16EE /* IBeaconTransmitter.swift */ = {isa = PBXFileReference; fileEncoding = 4; lastKnownFileType = sourcecode.swift; path = IBeaconTransmitter.swift; sourceTree = "<group>"; };
		C43458D11E963A6F006B16EE /* EntryViewController.swift */ = {isa = PBXFileReference; fileEncoding = 4; lastKnownFileType = sourcecode.swift; path = EntryViewController.swift; sourceTree = "<group>"; };
		C443207A1E97901500B59C43 /* QRConnectionViewController.swift */ = {isa = PBXFileReference; fileEncoding = 4; lastKnownFileType = sourcecode.swift; path = QRConnectionViewController.swift; sourceTree = "<group>"; };
		C4461E3B1D9D83F800EE90BF /* Camera.swift */ = {isa = PBXFileReference; fileEncoding = 4; lastKnownFileType = sourcecode.swift; path = Camera.swift; sourceTree = "<group>"; };
		C4461E3C1D9D83F800EE90BF /* OrientationSensor.swift */ = {isa = PBXFileReference; fileEncoding = 4; lastKnownFileType = sourcecode.swift; path = OrientationSensor.swift; sourceTree = "<group>"; };
		C447C7611DA3FF500094B5CD /* PointOfInterest.swift */ = {isa = PBXFileReference; fileEncoding = 4; lastKnownFileType = sourcecode.swift; path = PointOfInterest.swift; sourceTree = "<group>"; };
		C44DB1E01DC65860000CAEED /* Vector3D.swift */ = {isa = PBXFileReference; fileEncoding = 4; lastKnownFileType = sourcecode.swift; path = Vector3D.swift; sourceTree = "<group>"; };
		C44DB1E31DC65A98000CAEED /* Vector3DTests.swift */ = {isa = PBXFileReference; fileEncoding = 4; lastKnownFileType = sourcecode.swift; path = Vector3DTests.swift; sourceTree = "<group>"; };
		C4555C801D9AEDA600129C50 /* OverlayViewController.swift */ = {isa = PBXFileReference; fileEncoding = 4; lastKnownFileType = sourcecode.swift; path = OverlayViewController.swift; sourceTree = "<group>"; };
		C4583E261D9686D3001B1659 /* SkyWalker.app */ = {isa = PBXFileReference; explicitFileType = wrapper.application; includeInIndex = 0; path = SkyWalker.app; sourceTree = BUILT_PRODUCTS_DIR; };
		C4583E291D9686D3001B1659 /* AppDelegate.swift */ = {isa = PBXFileReference; lastKnownFileType = sourcecode.swift; path = AppDelegate.swift; sourceTree = "<group>"; };
		C4583E2B1D9686D3001B1659 /* ARViewController.swift */ = {isa = PBXFileReference; lastKnownFileType = sourcecode.swift; path = ARViewController.swift; sourceTree = "<group>"; };
		C4583E2E1D9686D3001B1659 /* Base */ = {isa = PBXFileReference; lastKnownFileType = file.storyboard; name = Base; path = Base.lproj/Main.storyboard; sourceTree = "<group>"; };
		C4583E301D9686D3001B1659 /* Assets.xcassets */ = {isa = PBXFileReference; lastKnownFileType = folder.assetcatalog; path = Assets.xcassets; sourceTree = "<group>"; };
		C4583E331D9686D3001B1659 /* Base */ = {isa = PBXFileReference; lastKnownFileType = file.storyboard; name = Base; path = Base.lproj/LaunchScreen.storyboard; sourceTree = "<group>"; };
		C4583E351D9686D3001B1659 /* Info.plist */ = {isa = PBXFileReference; lastKnownFileType = text.plist.xml; path = Info.plist; sourceTree = "<group>"; };
		C4583E3A1D9686D3001B1659 /* SkyWalkerTests.xctest */ = {isa = PBXFileReference; explicitFileType = wrapper.cfbundle; includeInIndex = 0; path = SkyWalkerTests.xctest; sourceTree = BUILT_PRODUCTS_DIR; };
		C4583E401D9686D3001B1659 /* Info.plist */ = {isa = PBXFileReference; lastKnownFileType = text.plist.xml; path = Info.plist; sourceTree = "<group>"; };
		C4583E4B1D969073001B1659 /* CameraViewController.swift */ = {isa = PBXFileReference; fileEncoding = 4; lastKnownFileType = sourcecode.swift; path = CameraViewController.swift; sourceTree = "<group>"; };
		C45F114B1E7AA356007D43E9 /* Center.swift */ = {isa = PBXFileReference; fileEncoding = 4; lastKnownFileType = sourcecode.swift; path = Center.swift; sourceTree = "<group>"; };
		C468AEF01E793D2E005AA4EE /* Matrix.swift */ = {isa = PBXFileReference; fileEncoding = 4; lastKnownFileType = sourcecode.swift; path = Matrix.swift; sourceTree = "<group>"; };
		C468AEF21E794376005AA4EE /* MatrixTests.swift */ = {isa = PBXFileReference; fileEncoding = 4; lastKnownFileType = sourcecode.swift; path = MatrixTests.swift; sourceTree = "<group>"; };
		C468AEF71E7960CC005AA4EE /* Vector2D.swift */ = {isa = PBXFileReference; fileEncoding = 4; lastKnownFileType = sourcecode.swift; path = Vector2D.swift; sourceTree = "<group>"; };
		C468AEFA1E7964B6005AA4EE /* DoubleExtension.swift */ = {isa = PBXFileReference; fileEncoding = 4; lastKnownFileType = sourcecode.swift; path = DoubleExtension.swift; sourceTree = "<group>"; };
		C468AEFC1E796746005AA4EE /* Vector2DTests.swift */ = {isa = PBXFileReference; fileEncoding = 4; lastKnownFileType = sourcecode.swift; path = Vector2DTests.swift; sourceTree = "<group>"; };
		C468AEFE1E796987005AA4EE /* Vector.swift */ = {isa = PBXFileReference; fileEncoding = 4; lastKnownFileType = sourcecode.swift; path = Vector.swift; sourceTree = "<group>"; };
		C473439F1DC667CC00475078 /* Fabric.framework */ = {isa = PBXFileReference; lastKnownFileType = wrapper.framework; path = Fabric.framework; sourceTree = "<group>"; };
		C47343A01DC667CC00475078 /* Crashlytics.framework */ = {isa = PBXFileReference; lastKnownFileType = wrapper.framework; path = Crashlytics.framework; sourceTree = "<group>"; };
		C4809CAA1E97B038006520FE /* NewConnectionViewController.swift */ = {isa = PBXFileReference; fileEncoding = 4; lastKnownFileType = sourcecode.swift; path = NewConnectionViewController.swift; sourceTree = "<group>"; };
		C49B18E91DC75DD200FDDC2E /* FilterViewController.swift */ = {isa = PBXFileReference; fileEncoding = 4; lastKnownFileType = sourcecode.swift; path = FilterViewController.swift; sourceTree = "<group>"; };
		C49B18EB1DC76B6900FDDC2E /* FilterTableViewCell.swift */ = {isa = PBXFileReference; fileEncoding = 4; lastKnownFileType = sourcecode.swift; path = FilterTableViewCell.swift; sourceTree = "<group>"; };
		C49B18EF1DC7910C00FDDC2E /* FilterCellData.swift */ = {isa = PBXFileReference; fileEncoding = 4; lastKnownFileType = sourcecode.swift; path = FilterCellData.swift; sourceTree = "<group>"; };
		C49BE60A1DCA8C0A00A18522 /* ConnectionDialogController.swift */ = {isa = PBXFileReference; fileEncoding = 4; lastKnownFileType = sourcecode.swift; path = ConnectionDialogController.swift; sourceTree = "<group>"; };
		C49BE60C1DCA943300A18522 /* ManualConnectionViewController.swift */ = {isa = PBXFileReference; fileEncoding = 4; lastKnownFileType = sourcecode.swift; path = ManualConnectionViewController.swift; sourceTree = "<group>"; };
/* End PBXFileReference section */

/* Begin PBXFrameworksBuildPhase section */
		C4583E231D9686D3001B1659 /* Frameworks */ = {
			isa = PBXFrameworksBuildPhase;
			buildActionMask = 2147483647;
			files = (
				C47343A21DC667CC00475078 /* Crashlytics.framework in Frameworks */,
				C47343A11DC667CC00475078 /* Fabric.framework in Frameworks */,
			);
			runOnlyForDeploymentPostprocessing = 0;
		};
		C4583E371D9686D3001B1659 /* Frameworks */ = {
			isa = PBXFrameworksBuildPhase;
			buildActionMask = 2147483647;
			files = (
			);
			runOnlyForDeploymentPostprocessing = 0;
		};
/* End PBXFrameworksBuildPhase section */

/* Begin PBXGroup section */
		C4583E1D1D9686D3001B1659 = {
			isa = PBXGroup;
			children = (
				C47343A01DC667CC00475078 /* Crashlytics.framework */,
				C473439F1DC667CC00475078 /* Fabric.framework */,
				C4583E271D9686D3001B1659 /* Products */,
				C4583E281D9686D3001B1659 /* SkyWalker */,
				C4583E3D1D9686D3001B1659 /* SkyWalkerTests */,
			);
			sourceTree = "<group>";
		};
		C4583E271D9686D3001B1659 /* Products */ = {
			isa = PBXGroup;
			children = (
				C4583E261D9686D3001B1659 /* SkyWalker.app */,
				C4583E3A1D9686D3001B1659 /* SkyWalkerTests.xctest */,
			);
			name = Products;
			sourceTree = "<group>";
		};
		C4583E281D9686D3001B1659 /* SkyWalker */ = {
			isa = PBXGroup;
			children = (
				C47E26F51E891B5200A8C730 /* business */,
				C47E26F41E891B3100A8C730 /* services */,
				C47E26F31E891AEC00A8C730 /* presentation */,
				C4583E301D9686D3001B1659 /* Assets.xcassets */,
				C4583E351D9686D3001B1659 /* Info.plist */,
				C47E26F21E891AA800A8C730 /* persistence */,
			);
			path = SkyWalker;
			sourceTree = "<group>";
		};
		C4583E3D1D9686D3001B1659 /* SkyWalkerTests */ = {
			isa = PBXGroup;
			children = (
				C4583E401D9686D3001B1659 /* Info.plist */,
				C44DB1E31DC65A98000CAEED /* Vector3DTests.swift */,
				C468AEF21E794376005AA4EE /* MatrixTests.swift */,
				C468AEFC1E796746005AA4EE /* Vector2DTests.swift */,
			);
			path = SkyWalkerTests;
			sourceTree = "<group>";
		};
		C47E26F21E891AA800A8C730 /* persistence */ = {
			isa = PBXGroup;
			children = (
				C4304A1F1E5AE97600202AC6 /* ServerFacade.swift */,
				C4304A211E5AF7A600202AC6 /* Token.swift */,
			);
			name = persistence;
			sourceTree = "<group>";
		};
		C47E26F31E891AEC00A8C730 /* presentation */ = {
			isa = PBXGroup;
			children = (
				C4555C801D9AEDA600129C50 /* OverlayViewController.swift */,
				C4583E321D9686D3001B1659 /* LaunchScreen.storyboard */,
				C4583E2D1D9686D3001B1659 /* Main.storyboard */,
				C4583E2B1D9686D3001B1659 /* ARViewController.swift */,
				C4583E291D9686D3001B1659 /* AppDelegate.swift */,
				C4583E4B1D969073001B1659 /* CameraViewController.swift */,
				C49BE60A1DCA8C0A00A18522 /* ConnectionDialogController.swift */,
				C49B18EF1DC7910C00FDDC2E /* FilterCellData.swift */,
				C49B18EB1DC76B6900FDDC2E /* FilterTableViewCell.swift */,
				C40033D81E5C59B200864F1C /* FilterTableViewController.swift */,
				C49B18E91DC75DD200FDDC2E /* FilterViewController.swift */,
				C49BE60C1DCA943300A18522 /* ManualConnectionViewController.swift */,
				C43458D11E963A6F006B16EE /* EntryViewController.swift */,
				C443207A1E97901500B59C43 /* QRConnectionViewController.swift */,
				C4809CAA1E97B038006520FE /* NewConnectionViewController.swift */,
			);
			name = presentation;
			sourceTree = "<group>";
		};
		C47E26F41E891B3100A8C730 /* services */ = {
			isa = PBXGroup;
			children = (
				C468AEFA1E7964B6005AA4EE /* DoubleExtension.swift */,
				C468AEF01E793D2E005AA4EE /* Matrix.swift */,
				C468AEFE1E796987005AA4EE /* Vector.swift */,
				C468AEF71E7960CC005AA4EE /* Vector2D.swift */,
				C44DB1E01DC65860000CAEED /* Vector3D.swift */,
			);
			name = services;
			sourceTree = "<group>";
		};
		C47E26F51E891B5200A8C730 /* business */ = {
			isa = PBXGroup;
			children = (
				C45F114B1E7AA356007D43E9 /* Center.swift */,
				C4461E3B1D9D83F800EE90BF /* Camera.swift */,
				C4461E3C1D9D83F800EE90BF /* OrientationSensor.swift */,
				C447C7611DA3FF500094B5CD /* PointOfInterest.swift */,
				C43458CF1E96391E006B16EE /* IBeaconTransmitter.swift */,
			);
			name = business;
			sourceTree = "<group>";
		};
/* End PBXGroup section */

/* Begin PBXNativeTarget section */
		C4583E251D9686D3001B1659 /* SkyWalker */ = {
			isa = PBXNativeTarget;
			buildConfigurationList = C4583E431D9686D3001B1659 /* Build configuration list for PBXNativeTarget "SkyWalker" */;
			buildPhases = (
				C4583E221D9686D3001B1659 /* Sources */,
				C4583E231D9686D3001B1659 /* Frameworks */,
				C4583E241D9686D3001B1659 /* Resources */,
				C473439E1DC6677100475078 /* ShellScript */,
			);
			buildRules = (
			);
			dependencies = (
			);
			name = SkyWalker;
			productName = SkyWalker;
			productReference = C4583E261D9686D3001B1659 /* SkyWalker.app */;
			productType = "com.apple.product-type.application";
		};
		C4583E391D9686D3001B1659 /* SkyWalkerTests */ = {
			isa = PBXNativeTarget;
			buildConfigurationList = C4583E461D9686D3001B1659 /* Build configuration list for PBXNativeTarget "SkyWalkerTests" */;
			buildPhases = (
				C4583E361D9686D3001B1659 /* Sources */,
				C4583E371D9686D3001B1659 /* Frameworks */,
				C4583E381D9686D3001B1659 /* Resources */,
			);
			buildRules = (
			);
			dependencies = (
				C4583E3C1D9686D3001B1659 /* PBXTargetDependency */,
			);
			name = SkyWalkerTests;
			productName = SkyWalkerTests;
			productReference = C4583E3A1D9686D3001B1659 /* SkyWalkerTests.xctest */;
			productType = "com.apple.product-type.bundle.unit-test";
		};
/* End PBXNativeTarget section */

/* Begin PBXProject section */
		C4583E1E1D9686D3001B1659 /* Project object */ = {
			isa = PBXProject;
			attributes = {
				LastSwiftUpdateCheck = 0800;
				LastUpgradeCheck = 0810;
				ORGANIZATIONNAME = "Héctor Del Campo Pando";
				TargetAttributes = {
					C4583E251D9686D3001B1659 = {
						CreatedOnToolsVersion = 8.0;
						DevelopmentTeam = M5R3CLM9WM;
						ProvisioningStyle = Automatic;
					};
					C4583E391D9686D3001B1659 = {
						CreatedOnToolsVersion = 8.0;
						DevelopmentTeam = M5R3CLM9WM;
						ProvisioningStyle = Automatic;
						TestTargetID = C4583E251D9686D3001B1659;
					};
				};
			};
			buildConfigurationList = C4583E211D9686D3001B1659 /* Build configuration list for PBXProject "SkyWalker" */;
			compatibilityVersion = "Xcode 3.2";
			developmentRegion = English;
			hasScannedForEncodings = 0;
			knownRegions = (
				en,
				Base,
			);
			mainGroup = C4583E1D1D9686D3001B1659;
			productRefGroup = C4583E271D9686D3001B1659 /* Products */;
			projectDirPath = "";
			projectRoot = "";
			targets = (
				C4583E251D9686D3001B1659 /* SkyWalker */,
				C4583E391D9686D3001B1659 /* SkyWalkerTests */,
			);
		};
/* End PBXProject section */

/* Begin PBXResourcesBuildPhase section */
		C4583E241D9686D3001B1659 /* Resources */ = {
			isa = PBXResourcesBuildPhase;
			buildActionMask = 2147483647;
			files = (
				C4583E341D9686D3001B1659 /* LaunchScreen.storyboard in Resources */,
				C4583E311D9686D3001B1659 /* Assets.xcassets in Resources */,
				C4583E2F1D9686D3001B1659 /* Main.storyboard in Resources */,
			);
			runOnlyForDeploymentPostprocessing = 0;
		};
		C4583E381D9686D3001B1659 /* Resources */ = {
			isa = PBXResourcesBuildPhase;
			buildActionMask = 2147483647;
			files = (
			);
			runOnlyForDeploymentPostprocessing = 0;
		};
/* End PBXResourcesBuildPhase section */

/* Begin PBXShellScriptBuildPhase section */
		C473439E1DC6677100475078 /* ShellScript */ = {
			isa = PBXShellScriptBuildPhase;
			buildActionMask = 2147483647;
			files = (
			);
			inputPaths = (
			);
			outputPaths = (
			);
			runOnlyForDeploymentPostprocessing = 0;
			shellPath = /bin/sh;
			shellScript = "./Fabric.framework/run 7a424b2d0d701043f224a61ff33c07c21f3a4407 d9850de2fc7de94d06d8bee080dd3953654cbd8218e48d7aca3ab610cafe9e79";
		};
/* End PBXShellScriptBuildPhase section */

/* Begin PBXSourcesBuildPhase section */
		C4583E221D9686D3001B1659 /* Sources */ = {
			isa = PBXSourcesBuildPhase;
			buildActionMask = 2147483647;
			files = (
				C45F114C1E7AA356007D43E9 /* Center.swift in Sources */,
				C447C7621DA3FF500094B5CD /* PointOfInterest.swift in Sources */,
				C49BE60D1DCA943300A18522 /* ManualConnectionViewController.swift in Sources */,
				C468AEF11E793D2E005AA4EE /* Matrix.swift in Sources */,
				C4583E2C1D9686D3001B1659 /* ARViewController.swift in Sources */,
				C4461E3D1D9D83F800EE90BF /* Camera.swift in Sources */,
				C49BE60B1DCA8C0A00A18522 /* ConnectionDialogController.swift in Sources */,
				C49B18EA1DC75DD200FDDC2E /* FilterViewController.swift in Sources */,
				C44DB1E11DC65860000CAEED /* Vector3D.swift in Sources */,
				C4304A221E5AF7A600202AC6 /* Token.swift in Sources */,
				C4583E2A1D9686D3001B1659 /* AppDelegate.swift in Sources */,
				C468AEFF1E796987005AA4EE /* Vector.swift in Sources */,
				C4583E4C1D969073001B1659 /* CameraViewController.swift in Sources */,
				C4461E3E1D9D83F800EE90BF /* OrientationSensor.swift in Sources */,
				C468AEFB1E7964B6005AA4EE /* DoubleExtension.swift in Sources */,
				C4555C811D9AEDA600129C50 /* OverlayViewController.swift in Sources */,
				C49B18F01DC7910C00FDDC2E /* FilterCellData.swift in Sources */,
				C43458D01E96391E006B16EE /* IBeaconTransmitter.swift in Sources */,
				C4809CAB1E97B038006520FE /* NewConnectionViewController.swift in Sources */,
				C443207B1E97901500B59C43 /* QRConnectionViewController.swift in Sources */,
				C43458D21E963A6F006B16EE /* EntryViewController.swift in Sources */,
				C468AEF81E7960CC005AA4EE /* Vector2D.swift in Sources */,
				C40033D91E5C59B200864F1C /* FilterTableViewController.swift in Sources */,
				C4304A201E5AE97600202AC6 /* ServerFacade.swift in Sources */,
				C49B18ED1DC76B6900FDDC2E /* FilterTableViewCell.swift in Sources */,
			);
			runOnlyForDeploymentPostprocessing = 0;
		};
		C4583E361D9686D3001B1659 /* Sources */ = {
			isa = PBXSourcesBuildPhase;
			buildActionMask = 2147483647;
			files = (
				C468AF011E796A2A005AA4EE /* DoubleExtension.swift in Sources */,
				C468AEF41E794730005AA4EE /* Matrix.swift in Sources */,
				C468AEF31E794376005AA4EE /* MatrixTests.swift in Sources */,
				C44DB1E41DC65A98000CAEED /* Vector3DTests.swift in Sources */,
				C468AF001E796A27005AA4EE /* Vector.swift in Sources */,
				C44DB1E21DC65860000CAEED /* Vector3D.swift in Sources */,
				C468AEFD1E796746005AA4EE /* Vector2DTests.swift in Sources */,
				C468AEF91E7960CC005AA4EE /* Vector2D.swift in Sources */,
			);
			runOnlyForDeploymentPostprocessing = 0;
		};
/* End PBXSourcesBuildPhase section */

/* Begin PBXTargetDependency section */
		C4583E3C1D9686D3001B1659 /* PBXTargetDependency */ = {
			isa = PBXTargetDependency;
			target = C4583E251D9686D3001B1659 /* SkyWalker */;
			targetProxy = C4583E3B1D9686D3001B1659 /* PBXContainerItemProxy */;
		};
/* End PBXTargetDependency section */

/* Begin PBXVariantGroup section */
		C4583E2D1D9686D3001B1659 /* Main.storyboard */ = {
			isa = PBXVariantGroup;
			children = (
				C4583E2E1D9686D3001B1659 /* Base */,
			);
			name = Main.storyboard;
			sourceTree = "<group>";
		};
		C4583E321D9686D3001B1659 /* LaunchScreen.storyboard */ = {
			isa = PBXVariantGroup;
			children = (
				C4583E331D9686D3001B1659 /* Base */,
			);
			name = LaunchScreen.storyboard;
			sourceTree = "<group>";
		};
/* End PBXVariantGroup section */

/* Begin XCBuildConfiguration section */
		C4583E411D9686D3001B1659 /* Debug */ = {
			isa = XCBuildConfiguration;
			buildSettings = {
				ALWAYS_SEARCH_USER_PATHS = NO;
				CLANG_ANALYZER_NONNULL = YES;
				CLANG_CXX_LANGUAGE_STANDARD = "gnu++0x";
				CLANG_CXX_LIBRARY = "libc++";
				CLANG_ENABLE_MODULES = YES;
				CLANG_ENABLE_OBJC_ARC = YES;
				CLANG_WARN_BOOL_CONVERSION = YES;
				CLANG_WARN_CONSTANT_CONVERSION = YES;
				CLANG_WARN_DIRECT_OBJC_ISA_USAGE = YES_ERROR;
				CLANG_WARN_DOCUMENTATION_COMMENTS = YES;
				CLANG_WARN_EMPTY_BODY = YES;
				CLANG_WARN_ENUM_CONVERSION = YES;
				CLANG_WARN_INFINITE_RECURSION = YES;
				CLANG_WARN_INT_CONVERSION = YES;
				CLANG_WARN_OBJC_ROOT_CLASS = YES_ERROR;
				CLANG_WARN_SUSPICIOUS_MOVE = YES;
				CLANG_WARN_SUSPICIOUS_MOVES = YES;
				CLANG_WARN_UNREACHABLE_CODE = YES;
				CLANG_WARN__DUPLICATE_METHOD_MATCH = YES;
				"CODE_SIGN_IDENTITY[sdk=iphoneos*]" = "iPhone Developer";
				COPY_PHASE_STRIP = NO;
				DEBUG_INFORMATION_FORMAT = "dwarf-with-dsym";
				ENABLE_STRICT_OBJC_MSGSEND = YES;
				ENABLE_TESTABILITY = YES;
				GCC_C_LANGUAGE_STANDARD = gnu99;
				GCC_DYNAMIC_NO_PIC = NO;
				GCC_NO_COMMON_BLOCKS = YES;
				GCC_OPTIMIZATION_LEVEL = 0;
				GCC_PREPROCESSOR_DEFINITIONS = (
					"DEBUG=1",
					"$(inherited)",
				);
				GCC_WARN_64_TO_32_BIT_CONVERSION = YES;
				GCC_WARN_ABOUT_RETURN_TYPE = YES_ERROR;
				GCC_WARN_UNDECLARED_SELECTOR = YES;
				GCC_WARN_UNINITIALIZED_AUTOS = YES_AGGRESSIVE;
				GCC_WARN_UNUSED_FUNCTION = YES;
				GCC_WARN_UNUSED_VARIABLE = YES;
				IPHONEOS_DEPLOYMENT_TARGET = 8.0;
				MTL_ENABLE_DEBUG_INFO = YES;
				ONLY_ACTIVE_ARCH = YES;
				SDKROOT = iphoneos;
				SWIFT_ACTIVE_COMPILATION_CONDITIONS = DEBUG;
				SWIFT_OPTIMIZATION_LEVEL = "-Onone";
				TARGETED_DEVICE_FAMILY = "1,2";
			};
			name = Debug;
		};
		C4583E421D9686D3001B1659 /* Release */ = {
			isa = XCBuildConfiguration;
			buildSettings = {
				ALWAYS_SEARCH_USER_PATHS = NO;
				CLANG_ANALYZER_NONNULL = YES;
				CLANG_CXX_LANGUAGE_STANDARD = "gnu++0x";
				CLANG_CXX_LIBRARY = "libc++";
				CLANG_ENABLE_MODULES = YES;
				CLANG_ENABLE_OBJC_ARC = YES;
				CLANG_WARN_BOOL_CONVERSION = YES;
				CLANG_WARN_CONSTANT_CONVERSION = YES;
				CLANG_WARN_DIRECT_OBJC_ISA_USAGE = YES_ERROR;
				CLANG_WARN_DOCUMENTATION_COMMENTS = YES;
				CLANG_WARN_EMPTY_BODY = YES;
				CLANG_WARN_ENUM_CONVERSION = YES;
				CLANG_WARN_INFINITE_RECURSION = YES;
				CLANG_WARN_INT_CONVERSION = YES;
				CLANG_WARN_OBJC_ROOT_CLASS = YES_ERROR;
				CLANG_WARN_SUSPICIOUS_MOVE = YES;
				CLANG_WARN_SUSPICIOUS_MOVES = YES;
				CLANG_WARN_UNREACHABLE_CODE = YES;
				CLANG_WARN__DUPLICATE_METHOD_MATCH = YES;
				"CODE_SIGN_IDENTITY[sdk=iphoneos*]" = "iPhone Developer";
				COPY_PHASE_STRIP = NO;
				DEBUG_INFORMATION_FORMAT = "dwarf-with-dsym";
				ENABLE_NS_ASSERTIONS = NO;
				ENABLE_STRICT_OBJC_MSGSEND = YES;
				GCC_C_LANGUAGE_STANDARD = gnu99;
				GCC_NO_COMMON_BLOCKS = YES;
				GCC_WARN_64_TO_32_BIT_CONVERSION = YES;
				GCC_WARN_ABOUT_RETURN_TYPE = YES_ERROR;
				GCC_WARN_UNDECLARED_SELECTOR = YES;
				GCC_WARN_UNINITIALIZED_AUTOS = YES_AGGRESSIVE;
				GCC_WARN_UNUSED_FUNCTION = YES;
				GCC_WARN_UNUSED_VARIABLE = YES;
				IPHONEOS_DEPLOYMENT_TARGET = 8.0;
				MTL_ENABLE_DEBUG_INFO = NO;
				SDKROOT = iphoneos;
				SWIFT_OPTIMIZATION_LEVEL = "-Owholemodule";
				TARGETED_DEVICE_FAMILY = "1,2";
				VALIDATE_PRODUCT = YES;
			};
			name = Release;
		};
		C4583E441D9686D3001B1659 /* Debug */ = {
			isa = XCBuildConfiguration;
			buildSettings = {
				ASSETCATALOG_COMPILER_APPICON_NAME = AppIcon;
				DEVELOPMENT_TEAM = M5R3CLM9WM;
				FRAMEWORK_SEARCH_PATHS = (
					"$(inherited)",
					"$(PROJECT_DIR)",
				);
				INFOPLIST_FILE = SkyWalker/Info.plist;
				IPHONEOS_DEPLOYMENT_TARGET = 8.0;
				LD_RUNPATH_SEARCH_PATHS = "$(inherited) @executable_path/Frameworks";
				PRODUCT_BUNDLE_IDENTIFIER = es.uva.trasgo.hecdelc.SkyWalker;
				PRODUCT_NAME = "$(TARGET_NAME)";
				SWIFT_VERSION = 3.0;
			};
			name = Debug;
		};
		C4583E451D9686D3001B1659 /* Release */ = {
			isa = XCBuildConfiguration;
			buildSettings = {
				ASSETCATALOG_COMPILER_APPICON_NAME = AppIcon;
				DEVELOPMENT_TEAM = M5R3CLM9WM;
				FRAMEWORK_SEARCH_PATHS = (
					"$(inherited)",
					"$(PROJECT_DIR)",
				);
				INFOPLIST_FILE = SkyWalker/Info.plist;
				IPHONEOS_DEPLOYMENT_TARGET = 8.0;
				LD_RUNPATH_SEARCH_PATHS = "$(inherited) @executable_path/Frameworks";
				PRODUCT_BUNDLE_IDENTIFIER = es.uva.trasgo.hecdelc.SkyWalker;
				PRODUCT_NAME = "$(TARGET_NAME)";
				SWIFT_VERSION = 3.0;
			};
			name = Release;
		};
		C4583E471D9686D3001B1659 /* Debug */ = {
			isa = XCBuildConfiguration;
			buildSettings = {
				ALWAYS_EMBED_SWIFT_STANDARD_LIBRARIES = YES;
				BUNDLE_LOADER = "$(TEST_HOST)";
				DEVELOPMENT_TEAM = M5R3CLM9WM;
				INFOPLIST_FILE = SkyWalkerTests/Info.plist;
				LD_RUNPATH_SEARCH_PATHS = "$(inherited) @executable_path/Frameworks @loader_path/Frameworks";
				PRODUCT_BUNDLE_IDENTIFIER = es.uva.trasgo.hecdelc.SkyWalkerTests;
				PRODUCT_NAME = "$(TARGET_NAME)";
				SWIFT_VERSION = 3.0;
				TEST_HOST = "$(BUILT_PRODUCTS_DIR)/SkyWalker.app/SkyWalker";
			};
			name = Debug;
		};
		C4583E481D9686D3001B1659 /* Release */ = {
			isa = XCBuildConfiguration;
			buildSettings = {
				ALWAYS_EMBED_SWIFT_STANDARD_LIBRARIES = YES;
				BUNDLE_LOADER = "$(TEST_HOST)";
				DEVELOPMENT_TEAM = M5R3CLM9WM;
				INFOPLIST_FILE = SkyWalkerTests/Info.plist;
				LD_RUNPATH_SEARCH_PATHS = "$(inherited) @executable_path/Frameworks @loader_path/Frameworks";
				PRODUCT_BUNDLE_IDENTIFIER = es.uva.trasgo.hecdelc.SkyWalkerTests;
				PRODUCT_NAME = "$(TARGET_NAME)";
				SWIFT_VERSION = 3.0;
				TEST_HOST = "$(BUILT_PRODUCTS_DIR)/SkyWalker.app/SkyWalker";
			};
			name = Release;
		};
/* End XCBuildConfiguration section */

/* Begin XCConfigurationList section */
		C4583E211D9686D3001B1659 /* Build configuration list for PBXProject "SkyWalker" */ = {
			isa = XCConfigurationList;
			buildConfigurations = (
				C4583E411D9686D3001B1659 /* Debug */,
				C4583E421D9686D3001B1659 /* Release */,
			);
			defaultConfigurationIsVisible = 0;
			defaultConfigurationName = Release;
		};
		C4583E431D9686D3001B1659 /* Build configuration list for PBXNativeTarget "SkyWalker" */ = {
			isa = XCConfigurationList;
			buildConfigurations = (
				C4583E441D9686D3001B1659 /* Debug */,
				C4583E451D9686D3001B1659 /* Release */,
			);
			defaultConfigurationIsVisible = 0;
			defaultConfigurationName = Release;
		};
		C4583E461D9686D3001B1659 /* Build configuration list for PBXNativeTarget "SkyWalkerTests" */ = {
			isa = XCConfigurationList;
			buildConfigurations = (
				C4583E471D9686D3001B1659 /* Debug */,
				C4583E481D9686D3001B1659 /* Release */,
			);
			defaultConfigurationIsVisible = 0;
			defaultConfigurationName = Release;
		};
/* End XCConfigurationList section */
	};
	rootObject = C4583E1E1D9686D3001B1659 /* Project object */;
}
